
Microsoft Visual Studio Solution File, Format Version 12.00
# Visual Studio 14
VisualStudioVersion = 14.0.24720.0
MinimumVisualStudioVersion = 10.0.40219.1
Project("{FAE04EC0-301F-11D3-BF4B-00C04F79EFBC}") = "SeriesDisk", "SeriesDisk\SeriesDisk.csproj", "{1BA9F819-CD8A-49FE-AC87-02EBE98535DB}"
EndProject
Project("{2150E333-8FDC-42A3-9474-1A3956D46DE8}") = "Applications", "Applications", "{3D19AF96-C1A9-4F1C-8EB5-CABB4456E9F2}"
EndProject
Project("{2150E333-8FDC-42A3-9474-1A3956D46DE8}") = "API", "API", "{B1C15A5B-8329-400F-AA66-C98CC33E4C60}"
EndProject
Project("{FAE04EC0-301F-11D3-BF4B-00C04F79EFBC}") = "serieapi", "serieapi\serieapi.csproj", "{7757AE88-FB17-4084-AB40-AA75101AD104}"
EndProject
Global
	GlobalSection(SolutionConfigurationPlatforms) = preSolution
		Debug|Any CPU = Debug|Any CPU
		Release|Any CPU = Release|Any CPU
		Description = Gestion de mes séries TV sur disques USB
	EndGlobalSection
	GlobalSection(ProjectConfigurationPlatforms) = postSolution
		{1BA9F819-CD8A-49FE-AC87-02EBE98535DB}.Debug|Any CPU.ActiveCfg = Debug|Any CPU
		{1BA9F819-CD8A-49FE-AC87-02EBE98535DB}.Debug|Any CPU.Build.0 = Debug|Any CPU
		{1BA9F819-CD8A-49FE-AC87-02EBE98535DB}.Release|Any CPU.ActiveCfg = Release|Any CPU
		{1BA9F819-CD8A-49FE-AC87-02EBE98535DB}.Release|Any CPU.Build.0 = Release|Any CPU
		{7757AE88-FB17-4084-AB40-AA75101AD104}.Debug|Any CPU.ActiveCfg = Debug|Any CPU
		{7757AE88-FB17-4084-AB40-AA75101AD104}.Debug|Any CPU.Build.0 = Debug|Any CPU
		{7757AE88-FB17-4084-AB40-AA75101AD104}.Release|Any CPU.ActiveCfg = Release|Any CPU
		{7757AE88-FB17-4084-AB40-AA75101AD104}.Release|Any CPU.Build.0 = Release|Any CPU
	EndGlobalSection
	GlobalSection(SolutionProperties) = preSolution
		HideSolutionNode = FALSE
	EndGlobalSection
	GlobalSection(NestedProjects) = preSolution
		{1BA9F819-CD8A-49FE-AC87-02EBE98535DB} = {3D19AF96-C1A9-4F1C-8EB5-CABB4456E9F2}
		{7757AE88-FB17-4084-AB40-AA75101AD104} = {B1C15A5B-8329-400F-AA66-C98CC33E4C60}
	EndGlobalSection
EndGlobal
